
Microsoft Visual Studio Solution File, Format Version 12.00
# Visual Studio Version 17
VisualStudioVersion = 17.2.32505.173
MinimumVisualStudioVersion = 10.0.40219.1
Project("{FAE04EC0-301F-11D3-BF4B-00C04F79EFBC}") = "NunitPOMExample", "NunitPOMExample\NunitPOMExample.csproj", "{9C1A86EA-0958-49C3-AF8E-7DE78831E6E6}"
EndProject
Global
	GlobalSection(SolutionConfigurationPlatforms) = preSolution
		Debug|Any CPU = Debug|Any CPU
		Release|Any CPU = Release|Any CPU
	EndGlobalSection
	GlobalSection(ProjectConfigurationPlatforms) = postSolution
		{9C1A86EA-0958-49C3-AF8E-7DE78831E6E6}.Debug|Any CPU.ActiveCfg = Debug|Any CPU
		{9C1A86EA-0958-49C3-AF8E-7DE78831E6E6}.Debug|Any CPU.Build.0 = Debug|Any CPU
		{9C1A86EA-0958-49C3-AF8E-7DE78831E6E6}.Release|Any CPU.ActiveCfg = Release|Any CPU
		{9C1A86EA-0958-49C3-AF8E-7DE78831E6E6}.Release|Any CPU.Build.0 = Release|Any CPU
	EndGlobalSection
	GlobalSection(SolutionProperties) = preSolution
		HideSolutionNode = FALSE
	EndGlobalSection
	GlobalSection(ExtensibilityGlobals) = postSolution
		SolutionGuid = {CC828DE3-F13E-428D-9A16-004E4D25032C}
	EndGlobalSection
EndGlobal
